{
  "name": "a2glimpse",
  "version": "0.8.0",
  "lockfileVersion": 3,
  "requires": true,
  "packages": {
    "": {
      "name": "a2glimpse",
      "version": "0.8.0",
      "hasInstallScript": true,
      "license": "MIT",
      "os": [
        "darwin"
      ],
      "bin": {
        "a2glimpse": "bin/a2glimpse.mjs"
      },
      "engines": {
        "node": ">=18"
      }
    }
  }
}
